// !$*UTF8*$!
{
	archiveVersion = 1;
	classes = {
	};
	objectVersion = 46;
	objects = {

/* Begin PBXBuildFile section */
		0A008D041E9813DE00C3D644 /* PaddingTextField.swift in Sources */ = {isa = PBXBuildFile; fileRef = 0A008D031E9813DE00C3D644 /* PaddingTextField.swift */; };
		0A3B6B521E96979E0099DC6F /* Assets.xcassets in Resources */ = {isa = PBXBuildFile; fileRef = 0A3B6B511E96979E0099DC6F /* Assets.xcassets */; };
		0A3B6B551E96C9910099DC6F /* LeftAlignedIconButton.swift in Sources */ = {isa = PBXBuildFile; fileRef = 0A3B6B541E96C9910099DC6F /* LeftAlignedIconButton.swift */; };
		0A983C6E1E5DEE7A00BDD6B6 /* AppDelegate.swift in Sources */ = {isa = PBXBuildFile; fileRef = 0A983C6D1E5DEE7A00BDD6B6 /* AppDelegate.swift */; };
		0A983C701E5DEE7A00BDD6B6 /* ViewController.swift in Sources */ = {isa = PBXBuildFile; fileRef = 0A983C6F1E5DEE7A00BDD6B6 /* ViewController.swift */; };
		0A983C731E5DEE7A00BDD6B6 /* Main.storyboard in Resources */ = {isa = PBXBuildFile; fileRef = 0A983C711E5DEE7A00BDD6B6 /* Main.storyboard */; };
		0A983C781E5DEE7A00BDD6B6 /* LaunchScreen.storyboard in Resources */ = {isa = PBXBuildFile; fileRef = 0A983C761E5DEE7A00BDD6B6 /* LaunchScreen.storyboard */; };
		0A983C831E5DEE7B00BDD6B6 /* xtsplitTests.swift in Sources */ = {isa = PBXBuildFile; fileRef = 0A983C821E5DEE7B00BDD6B6 /* xtsplitTests.swift */; };
		0A983C8E1E5DEE7B00BDD6B6 /* xtsplitUITests.swift in Sources */ = {isa = PBXBuildFile; fileRef = 0A983C8D1E5DEE7B00BDD6B6 /* xtsplitUITests.swift */; };
		0A983C9C1E5DF10C00BDD6B6 /* GoogleService-Info.plist in Resources */ = {isa = PBXBuildFile; fileRef = 0A983C9B1E5DF10C00BDD6B6 /* GoogleService-Info.plist */; };
		0AD394DC1E994C2F0016ED61 /* Constants.swift in Sources */ = {isa = PBXBuildFile; fileRef = 0AD394DB1E994C2F0016ED61 /* Constants.swift */; };
		0AE3EF031E9963E9003C7B89 /* UIViewControllerExtension.swift in Sources */ = {isa = PBXBuildFile; fileRef = 0AE3EF021E9963E9003C7B89 /* UIViewControllerExtension.swift */; };
		0AF895D61E9977C40053D207 /* Bolts.framework in Frameworks */ = {isa = PBXBuildFile; fileRef = 0AF895D21E9977C40053D207 /* Bolts.framework */; };
		0AF895D71E9977C40053D207 /* FBSDKCoreKit.framework in Frameworks */ = {isa = PBXBuildFile; fileRef = 0AF895D31E9977C40053D207 /* FBSDKCoreKit.framework */; };
		0AF895D81E9977C40053D207 /* FBSDKLoginKit.framework in Frameworks */ = {isa = PBXBuildFile; fileRef = 0AF895D41E9977C40053D207 /* FBSDKLoginKit.framework */; };
		0AF895D91E9977C40053D207 /* FBSDKShareKit.framework in Frameworks */ = {isa = PBXBuildFile; fileRef = 0AF895D51E9977C40053D207 /* FBSDKShareKit.framework */; };
		78D8A1BF5CA73106FF946820 /* Pods_xtsplitUITests.framework in Frameworks */ = {isa = PBXBuildFile; fileRef = CAB9D69D288B61233E9361CE /* Pods_xtsplitUITests.framework */; };
		8D324F0E770E710E3958F5EE /* Pods_xtsplitTests.framework in Frameworks */ = {isa = PBXBuildFile; fileRef = E650A39604F32C494270C1B4 /* Pods_xtsplitTests.framework */; };
		9D665F6344104D898D27A857 /* Pods_xtsplit.framework in Frameworks */ = {isa = PBXBuildFile; fileRef = 7E572C1A52D1DA618CED3DEF /* Pods_xtsplit.framework */; };
/* End PBXBuildFile section */

/* Begin PBXContainerItemProxy section */
		0A983C7F1E5DEE7A00BDD6B6 /* PBXContainerItemProxy */ = {
			isa = PBXContainerItemProxy;
			containerPortal = 0A983C621E5DEE7A00BDD6B6 /* Project object */;
			proxyType = 1;
			remoteGlobalIDString = 0A983C691E5DEE7A00BDD6B6;
			remoteInfo = xtsplit;
		};
		0A983C8A1E5DEE7B00BDD6B6 /* PBXContainerItemProxy */ = {
			isa = PBXContainerItemProxy;
			containerPortal = 0A983C621E5DEE7A00BDD6B6 /* Project object */;
			proxyType = 1;
			remoteGlobalIDString = 0A983C691E5DEE7A00BDD6B6;
			remoteInfo = xtsplit;
		};
/* End PBXContainerItemProxy section */

/* Begin PBXFileReference section */
		0A008D031E9813DE00C3D644 /* PaddingTextField.swift */ = {isa = PBXFileReference; fileEncoding = 4; lastKnownFileType = sourcecode.swift; path = PaddingTextField.swift; sourceTree = "<group>"; };
		0A3B6B511E96979E0099DC6F /* Assets.xcassets */ = {isa = PBXFileReference; lastKnownFileType = folder.assetcatalog; path = Assets.xcassets; sourceTree = "<group>"; };
		0A3B6B541E96C9910099DC6F /* LeftAlignedIconButton.swift */ = {isa = PBXFileReference; fileEncoding = 4; lastKnownFileType = sourcecode.swift; path = LeftAlignedIconButton.swift; sourceTree = "<group>"; };
		0A983C6A1E5DEE7A00BDD6B6 /* xtsplit.app */ = {isa = PBXFileReference; explicitFileType = wrapper.application; includeInIndex = 0; path = xtsplit.app; sourceTree = BUILT_PRODUCTS_DIR; };
		0A983C6D1E5DEE7A00BDD6B6 /* AppDelegate.swift */ = {isa = PBXFileReference; lastKnownFileType = sourcecode.swift; path = AppDelegate.swift; sourceTree = "<group>"; };
		0A983C6F1E5DEE7A00BDD6B6 /* ViewController.swift */ = {isa = PBXFileReference; lastKnownFileType = sourcecode.swift; path = ViewController.swift; sourceTree = "<group>"; };
		0A983C721E5DEE7A00BDD6B6 /* Base */ = {isa = PBXFileReference; lastKnownFileType = file.storyboard; name = Base; path = Base.lproj/Main.storyboard; sourceTree = "<group>"; };
		0A983C771E5DEE7A00BDD6B6 /* Base */ = {isa = PBXFileReference; lastKnownFileType = file.storyboard; name = Base; path = Base.lproj/LaunchScreen.storyboard; sourceTree = "<group>"; };
		0A983C791E5DEE7A00BDD6B6 /* Info.plist */ = {isa = PBXFileReference; lastKnownFileType = text.plist.xml; path = Info.plist; sourceTree = "<group>"; };
		0A983C7E1E5DEE7A00BDD6B6 /* xtsplitTests.xctest */ = {isa = PBXFileReference; explicitFileType = wrapper.cfbundle; includeInIndex = 0; path = xtsplitTests.xctest; sourceTree = BUILT_PRODUCTS_DIR; };
		0A983C821E5DEE7B00BDD6B6 /* xtsplitTests.swift */ = {isa = PBXFileReference; lastKnownFileType = sourcecode.swift; path = xtsplitTests.swift; sourceTree = "<group>"; };
		0A983C841E5DEE7B00BDD6B6 /* Info.plist */ = {isa = PBXFileReference; lastKnownFileType = text.plist.xml; path = Info.plist; sourceTree = "<group>"; };
		0A983C891E5DEE7B00BDD6B6 /* xtsplitUITests.xctest */ = {isa = PBXFileReference; explicitFileType = wrapper.cfbundle; includeInIndex = 0; path = xtsplitUITests.xctest; sourceTree = BUILT_PRODUCTS_DIR; };
		0A983C8D1E5DEE7B00BDD6B6 /* xtsplitUITests.swift */ = {isa = PBXFileReference; lastKnownFileType = sourcecode.swift; path = xtsplitUITests.swift; sourceTree = "<group>"; };
		0A983C8F1E5DEE7B00BDD6B6 /* Info.plist */ = {isa = PBXFileReference; lastKnownFileType = text.plist.xml; path = Info.plist; sourceTree = "<group>"; };
		0A983C9B1E5DF10C00BDD6B6 /* GoogleService-Info.plist */ = {isa = PBXFileReference; fileEncoding = 4; lastKnownFileType = text.plist.xml; path = "GoogleService-Info.plist"; sourceTree = "<group>"; };
		0AD394DB1E994C2F0016ED61 /* Constants.swift */ = {isa = PBXFileReference; fileEncoding = 4; lastKnownFileType = sourcecode.swift; path = Constants.swift; sourceTree = "<group>"; };
		0AE3EF021E9963E9003C7B89 /* UIViewControllerExtension.swift */ = {isa = PBXFileReference; fileEncoding = 4; lastKnownFileType = sourcecode.swift; path = UIViewControllerExtension.swift; sourceTree = "<group>"; };
		0AF895D21E9977C40053D207 /* Bolts.framework */ = {isa = PBXFileReference; lastKnownFileType = wrapper.framework; path = Bolts.framework; sourceTree = "<group>"; };
		0AF895D31E9977C40053D207 /* FBSDKCoreKit.framework */ = {isa = PBXFileReference; lastKnownFileType = wrapper.framework; path = FBSDKCoreKit.framework; sourceTree = "<group>"; };
		0AF895D41E9977C40053D207 /* FBSDKLoginKit.framework */ = {isa = PBXFileReference; lastKnownFileType = wrapper.framework; path = FBSDKLoginKit.framework; sourceTree = "<group>"; };
		0AF895D51E9977C40053D207 /* FBSDKShareKit.framework */ = {isa = PBXFileReference; lastKnownFileType = wrapper.framework; path = FBSDKShareKit.framework; sourceTree = "<group>"; };
		458B8512EBCC47C8CE585105 /* Pods-xtsplitTests.release.xcconfig */ = {isa = PBXFileReference; includeInIndex = 1; lastKnownFileType = text.xcconfig; name = "Pods-xtsplitTests.release.xcconfig"; path = "Pods/Target Support Files/Pods-xtsplitTests/Pods-xtsplitTests.release.xcconfig"; sourceTree = "<group>"; };
		7E572C1A52D1DA618CED3DEF /* Pods_xtsplit.framework */ = {isa = PBXFileReference; explicitFileType = wrapper.framework; includeInIndex = 0; path = Pods_xtsplit.framework; sourceTree = BUILT_PRODUCTS_DIR; };
		8B20592A79AC593DEBED12E8 /* Pods-xtsplit.release.xcconfig */ = {isa = PBXFileReference; includeInIndex = 1; lastKnownFileType = text.xcconfig; name = "Pods-xtsplit.release.xcconfig"; path = "Pods/Target Support Files/Pods-xtsplit/Pods-xtsplit.release.xcconfig"; sourceTree = "<group>"; };
		9FB6C7E2F0866CA8BCE70791 /* Pods-xtsplitUITests.release.xcconfig */ = {isa = PBXFileReference; includeInIndex = 1; lastKnownFileType = text.xcconfig; name = "Pods-xtsplitUITests.release.xcconfig"; path = "Pods/Target Support Files/Pods-xtsplitUITests/Pods-xtsplitUITests.release.xcconfig"; sourceTree = "<group>"; };
		A000BBAA7A160DED1AEBA631 /* Pods-xtsplitUITests.debug.xcconfig */ = {isa = PBXFileReference; includeInIndex = 1; lastKnownFileType = text.xcconfig; name = "Pods-xtsplitUITests.debug.xcconfig"; path = "Pods/Target Support Files/Pods-xtsplitUITests/Pods-xtsplitUITests.debug.xcconfig"; sourceTree = "<group>"; };
		A7CE74B35E033F7A848EB473 /* Pods-xtsplitTests.debug.xcconfig */ = {isa = PBXFileReference; includeInIndex = 1; lastKnownFileType = text.xcconfig; name = "Pods-xtsplitTests.debug.xcconfig"; path = "Pods/Target Support Files/Pods-xtsplitTests/Pods-xtsplitTests.debug.xcconfig"; sourceTree = "<group>"; };
		CAB9D69D288B61233E9361CE /* Pods_xtsplitUITests.framework */ = {isa = PBXFileReference; explicitFileType = wrapper.framework; includeInIndex = 0; path = Pods_xtsplitUITests.framework; sourceTree = BUILT_PRODUCTS_DIR; };
		E650A39604F32C494270C1B4 /* Pods_xtsplitTests.framework */ = {isa = PBXFileReference; explicitFileType = wrapper.framework; includeInIndex = 0; path = Pods_xtsplitTests.framework; sourceTree = BUILT_PRODUCTS_DIR; };
		EFD80B589F97048AE9A55821 /* Pods-xtsplit.debug.xcconfig */ = {isa = PBXFileReference; includeInIndex = 1; lastKnownFileType = text.xcconfig; name = "Pods-xtsplit.debug.xcconfig"; path = "Pods/Target Support Files/Pods-xtsplit/Pods-xtsplit.debug.xcconfig"; sourceTree = "<group>"; };
/* End PBXFileReference section */

/* Begin PBXFrameworksBuildPhase section */
		0A983C671E5DEE7A00BDD6B6 /* Frameworks */ = {
			isa = PBXFrameworksBuildPhase;
			buildActionMask = 2147483647;
			files = (
				9D665F6344104D898D27A857 /* Pods_xtsplit.framework in Frameworks */,
				0AF895D71E9977C40053D207 /* FBSDKCoreKit.framework in Frameworks */,
				0AF895D91E9977C40053D207 /* FBSDKShareKit.framework in Frameworks */,
				0AF895D81E9977C40053D207 /* FBSDKLoginKit.framework in Frameworks */,
				0AF895D61E9977C40053D207 /* Bolts.framework in Frameworks */,
			);
			runOnlyForDeploymentPostprocessing = 0;
		};
		0A983C7B1E5DEE7A00BDD6B6 /* Frameworks */ = {
			isa = PBXFrameworksBuildPhase;
			buildActionMask = 2147483647;
			files = (
				8D324F0E770E710E3958F5EE /* Pods_xtsplitTests.framework in Frameworks */,
			);
			runOnlyForDeploymentPostprocessing = 0;
		};
		0A983C861E5DEE7B00BDD6B6 /* Frameworks */ = {
			isa = PBXFrameworksBuildPhase;
			buildActionMask = 2147483647;
			files = (
				78D8A1BF5CA73106FF946820 /* Pods_xtsplitUITests.framework in Frameworks */,
			);
			runOnlyForDeploymentPostprocessing = 0;
		};
/* End PBXFrameworksBuildPhase section */

/* Begin PBXGroup section */
		0A3B6B531E96C9710099DC6F /* Views */ = {
			isa = PBXGroup;
			children = (
				0A3B6B541E96C9910099DC6F /* LeftAlignedIconButton.swift */,
				0A008D031E9813DE00C3D644 /* PaddingTextField.swift */,
			);
			name = Views;
			sourceTree = "<group>";
		};
		0A983C611E5DEE7A00BDD6B6 = {
			isa = PBXGroup;
			children = (
				0A983C6C1E5DEE7A00BDD6B6 /* xtsplit */,
				0A983C811E5DEE7A00BDD6B6 /* xtsplitTests */,
				0A983C8C1E5DEE7B00BDD6B6 /* xtsplitUITests */,
				0A983C6B1E5DEE7A00BDD6B6 /* Products */,
				6F8645CA2D3249F1C98E45EB /* Pods */,
				30861ECDD9ECCBC5009F35B1 /* Frameworks */,
			);
			sourceTree = "<group>";
		};
		0A983C6B1E5DEE7A00BDD6B6 /* Products */ = {
			isa = PBXGroup;
			children = (
				0A983C6A1E5DEE7A00BDD6B6 /* xtsplit.app */,
				0A983C7E1E5DEE7A00BDD6B6 /* xtsplitTests.xctest */,
				0A983C891E5DEE7B00BDD6B6 /* xtsplitUITests.xctest */,
			);
			name = Products;
			sourceTree = "<group>";
		};
		0A983C6C1E5DEE7A00BDD6B6 /* xtsplit */ = {
			isa = PBXGroup;
			children = (
				0AD394DA1E994C1C0016ED61 /* Helper */,
				0A3B6B531E96C9710099DC6F /* Views */,
				0A983C6D1E5DEE7A00BDD6B6 /* AppDelegate.swift */,
				0A983C6F1E5DEE7A00BDD6B6 /* ViewController.swift */,
				0A983C711E5DEE7A00BDD6B6 /* Main.storyboard */,
				0A983C761E5DEE7A00BDD6B6 /* LaunchScreen.storyboard */,
				0A3B6B511E96979E0099DC6F /* Assets.xcassets */,
				0A983C9B1E5DF10C00BDD6B6 /* GoogleService-Info.plist */,
				0A983C791E5DEE7A00BDD6B6 /* Info.plist */,
			);
			path = xtsplit;
			sourceTree = "<group>";
		};
		0A983C811E5DEE7A00BDD6B6 /* xtsplitTests */ = {
			isa = PBXGroup;
			children = (
				0A983C821E5DEE7B00BDD6B6 /* xtsplitTests.swift */,
				0A983C841E5DEE7B00BDD6B6 /* Info.plist */,
			);
			path = xtsplitTests;
			sourceTree = "<group>";
		};
		0A983C8C1E5DEE7B00BDD6B6 /* xtsplitUITests */ = {
			isa = PBXGroup;
			children = (
				0A983C8D1E5DEE7B00BDD6B6 /* xtsplitUITests.swift */,
				0A983C8F1E5DEE7B00BDD6B6 /* Info.plist */,
			);
			path = xtsplitUITests;
			sourceTree = "<group>";
		};
		0AD394DA1E994C1C0016ED61 /* Helper */ = {
			isa = PBXGroup;
			children = (
				0AD394DB1E994C2F0016ED61 /* Constants.swift */,
				0AE3EF021E9963E9003C7B89 /* UIViewControllerExtension.swift */,
			);
			name = Helper;
			sourceTree = "<group>";
		};
		30861ECDD9ECCBC5009F35B1 /* Frameworks */ = {
			isa = PBXGroup;
			children = (
				0AF895D21E9977C40053D207 /* Bolts.framework */,
				0AF895D31E9977C40053D207 /* FBSDKCoreKit.framework */,
				0AF895D41E9977C40053D207 /* FBSDKLoginKit.framework */,
				0AF895D51E9977C40053D207 /* FBSDKShareKit.framework */,
				7E572C1A52D1DA618CED3DEF /* Pods_xtsplit.framework */,
				E650A39604F32C494270C1B4 /* Pods_xtsplitTests.framework */,
				CAB9D69D288B61233E9361CE /* Pods_xtsplitUITests.framework */,
			);
			name = Frameworks;
			sourceTree = "<group>";
		};
		6F8645CA2D3249F1C98E45EB /* Pods */ = {
			isa = PBXGroup;
			children = (
				EFD80B589F97048AE9A55821 /* Pods-xtsplit.debug.xcconfig */,
				8B20592A79AC593DEBED12E8 /* Pods-xtsplit.release.xcconfig */,
				A7CE74B35E033F7A848EB473 /* Pods-xtsplitTests.debug.xcconfig */,
				458B8512EBCC47C8CE585105 /* Pods-xtsplitTests.release.xcconfig */,
				A000BBAA7A160DED1AEBA631 /* Pods-xtsplitUITests.debug.xcconfig */,
				9FB6C7E2F0866CA8BCE70791 /* Pods-xtsplitUITests.release.xcconfig */,
			);
			name = Pods;
			sourceTree = "<group>";
		};
/* End PBXGroup section */

/* Begin PBXNativeTarget section */
		0A983C691E5DEE7A00BDD6B6 /* xtsplit */ = {
			isa = PBXNativeTarget;
			buildConfigurationList = 0A983C921E5DEE7B00BDD6B6 /* Build configuration list for PBXNativeTarget "xtsplit" */;
			buildPhases = (
				B831A1C9D02FF96FE5565BD1 /* [CP] Check Pods Manifest.lock */,
				0A983C661E5DEE7A00BDD6B6 /* Sources */,
				0A983C671E5DEE7A00BDD6B6 /* Frameworks */,
				0A983C681E5DEE7A00BDD6B6 /* Resources */,
				5F482BE547A569C589F2B836 /* [CP] Embed Pods Frameworks */,
				6BB00B9BBF1B865953F15771 /* [CP] Copy Pods Resources */,
			);
			buildRules = (
			);
			dependencies = (
			);
			name = xtsplit;
			productName = xtsplit;
			productReference = 0A983C6A1E5DEE7A00BDD6B6 /* xtsplit.app */;
			productType = "com.apple.product-type.application";
		};
		0A983C7D1E5DEE7A00BDD6B6 /* xtsplitTests */ = {
			isa = PBXNativeTarget;
			buildConfigurationList = 0A983C951E5DEE7B00BDD6B6 /* Build configuration list for PBXNativeTarget "xtsplitTests" */;
			buildPhases = (
				373F26179E933E857F67D665 /* [CP] Check Pods Manifest.lock */,
				0A983C7A1E5DEE7A00BDD6B6 /* Sources */,
				0A983C7B1E5DEE7A00BDD6B6 /* Frameworks */,
				0A983C7C1E5DEE7A00BDD6B6 /* Resources */,
				657DE80F64C31E151C2AA2D8 /* [CP] Embed Pods Frameworks */,
				72C682FF8B5F2E49E9B9981A /* [CP] Copy Pods Resources */,
			);
			buildRules = (
			);
			dependencies = (
				0A983C801E5DEE7A00BDD6B6 /* PBXTargetDependency */,
			);
			name = xtsplitTests;
			productName = xtsplitTests;
			productReference = 0A983C7E1E5DEE7A00BDD6B6 /* xtsplitTests.xctest */;
			productType = "com.apple.product-type.bundle.unit-test";
		};
		0A983C881E5DEE7B00BDD6B6 /* xtsplitUITests */ = {
			isa = PBXNativeTarget;
			buildConfigurationList = 0A983C981E5DEE7B00BDD6B6 /* Build configuration list for PBXNativeTarget "xtsplitUITests" */;
			buildPhases = (
				557886872DB60654D02BF438 /* [CP] Check Pods Manifest.lock */,
				0A983C851E5DEE7B00BDD6B6 /* Sources */,
				0A983C861E5DEE7B00BDD6B6 /* Frameworks */,
				0A983C871E5DEE7B00BDD6B6 /* Resources */,
				B377869D7B9157CC3806708C /* [CP] Embed Pods Frameworks */,
				E8B8D6760466FBCB0245AE20 /* [CP] Copy Pods Resources */,
			);
			buildRules = (
			);
			dependencies = (
				0A983C8B1E5DEE7B00BDD6B6 /* PBXTargetDependency */,
			);
			name = xtsplitUITests;
			productName = xtsplitUITests;
			productReference = 0A983C891E5DEE7B00BDD6B6 /* xtsplitUITests.xctest */;
			productType = "com.apple.product-type.bundle.ui-testing";
		};
/* End PBXNativeTarget section */

/* Begin PBXProject section */
		0A983C621E5DEE7A00BDD6B6 /* Project object */ = {
			isa = PBXProject;
			attributes = {
				LastSwiftUpdateCheck = 0820;
				LastUpgradeCheck = 0820;
				ORGANIZATIONNAME = XTsolutions;
				TargetAttributes = {
					0A983C691E5DEE7A00BDD6B6 = {
						CreatedOnToolsVersion = 8.2.1;
						DevelopmentTeam = 84FM8PFET7;
						ProvisioningStyle = Automatic;
					};
					0A983C7D1E5DEE7A00BDD6B6 = {
						CreatedOnToolsVersion = 8.2.1;
						DevelopmentTeam = YW9YW2DQE9;
						ProvisioningStyle = Automatic;
						TestTargetID = 0A983C691E5DEE7A00BDD6B6;
					};
					0A983C881E5DEE7B00BDD6B6 = {
						CreatedOnToolsVersion = 8.2.1;
						DevelopmentTeam = YW9YW2DQE9;
						ProvisioningStyle = Automatic;
						TestTargetID = 0A983C691E5DEE7A00BDD6B6;
					};
				};
			};
			buildConfigurationList = 0A983C651E5DEE7A00BDD6B6 /* Build configuration list for PBXProject "xtsplit" */;
			compatibilityVersion = "Xcode 3.2";
			developmentRegion = English;
			hasScannedForEncodings = 0;
			knownRegions = (
				en,
				Base,
			);
			mainGroup = 0A983C611E5DEE7A00BDD6B6;
			productRefGroup = 0A983C6B1E5DEE7A00BDD6B6 /* Products */;
			projectDirPath = "";
			projectRoot = "";
			targets = (
				0A983C691E5DEE7A00BDD6B6 /* xtsplit */,
				0A983C7D1E5DEE7A00BDD6B6 /* xtsplitTests */,
				0A983C881E5DEE7B00BDD6B6 /* xtsplitUITests */,
			);
		};
/* End PBXProject section */

/* Begin PBXResourcesBuildPhase section */
		0A983C681E5DEE7A00BDD6B6 /* Resources */ = {
			isa = PBXResourcesBuildPhase;
			buildActionMask = 2147483647;
			files = (
				0A983C781E5DEE7A00BDD6B6 /* LaunchScreen.storyboard in Resources */,
				0A983C9C1E5DF10C00BDD6B6 /* GoogleService-Info.plist in Resources */,
				0A3B6B521E96979E0099DC6F /* Assets.xcassets in Resources */,
				0A983C731E5DEE7A00BDD6B6 /* Main.storyboard in Resources */,
			);
			runOnlyForDeploymentPostprocessing = 0;
		};
		0A983C7C1E5DEE7A00BDD6B6 /* Resources */ = {
			isa = PBXResourcesBuildPhase;
			buildActionMask = 2147483647;
			files = (
			);
			runOnlyForDeploymentPostprocessing = 0;
		};
		0A983C871E5DEE7B00BDD6B6 /* Resources */ = {
			isa = PBXResourcesBuildPhase;
			buildActionMask = 2147483647;
			files = (
			);
			runOnlyForDeploymentPostprocessing = 0;
		};
/* End PBXResourcesBuildPhase section */

/* Begin PBXShellScriptBuildPhase section */
		373F26179E933E857F67D665 /* [CP] Check Pods Manifest.lock */ = {
			isa = PBXShellScriptBuildPhase;
			buildActionMask = 2147483647;
			files = (
			);
			inputPaths = (
			);
			name = "[CP] Check Pods Manifest.lock";
			outputPaths = (
			);
			runOnlyForDeploymentPostprocessing = 0;
			shellPath = /bin/sh;
			shellScript = "diff \"${PODS_PODFILE_DIR_PATH}/Podfile.lock\" \"${PODS_ROOT}/Manifest.lock\" > /dev/null\nif [ $? != 0 ] ; then\n    # print error to STDERR\n    echo \"error: The sandbox is not in sync with the Podfile.lock. Run 'pod install' or update your CocoaPods installation.\" >&2\n    exit 1\nfi\n";
			showEnvVarsInLog = 0;
		};
		557886872DB60654D02BF438 /* [CP] Check Pods Manifest.lock */ = {
			isa = PBXShellScriptBuildPhase;
			buildActionMask = 2147483647;
			files = (
			);
			inputPaths = (
			);
			name = "[CP] Check Pods Manifest.lock";
			outputPaths = (
			);
			runOnlyForDeploymentPostprocessing = 0;
			shellPath = /bin/sh;
			shellScript = "diff \"${PODS_PODFILE_DIR_PATH}/Podfile.lock\" \"${PODS_ROOT}/Manifest.lock\" > /dev/null\nif [ $? != 0 ] ; then\n    # print error to STDERR\n    echo \"error: The sandbox is not in sync with the Podfile.lock. Run 'pod install' or update your CocoaPods installation.\" >&2\n    exit 1\nfi\n";
			showEnvVarsInLog = 0;
		};
		5F482BE547A569C589F2B836 /* [CP] Embed Pods Frameworks */ = {
			isa = PBXShellScriptBuildPhase;
			buildActionMask = 2147483647;
			files = (
			);
			inputPaths = (
			);
			name = "[CP] Embed Pods Frameworks";
			outputPaths = (
			);
			runOnlyForDeploymentPostprocessing = 0;
			shellPath = /bin/sh;
			shellScript = "\"${SRCROOT}/Pods/Target Support Files/Pods-xtsplit/Pods-xtsplit-frameworks.sh\"\n";
			showEnvVarsInLog = 0;
		};
		657DE80F64C31E151C2AA2D8 /* [CP] Embed Pods Frameworks */ = {
			isa = PBXShellScriptBuildPhase;
			buildActionMask = 2147483647;
			files = (
			);
			inputPaths = (
			);
			name = "[CP] Embed Pods Frameworks";
			outputPaths = (
			);
			runOnlyForDeploymentPostprocessing = 0;
			shellPath = /bin/sh;
			shellScript = "\"${SRCROOT}/Pods/Target Support Files/Pods-xtsplitTests/Pods-xtsplitTests-frameworks.sh\"\n";
			showEnvVarsInLog = 0;
		};
		6BB00B9BBF1B865953F15771 /* [CP] Copy Pods Resources */ = {
			isa = PBXShellScriptBuildPhase;
			buildActionMask = 2147483647;
			files = (
			);
			inputPaths = (
			);
			name = "[CP] Copy Pods Resources";
			outputPaths = (
			);
			runOnlyForDeploymentPostprocessing = 0;
			shellPath = /bin/sh;
			shellScript = "\"${SRCROOT}/Pods/Target Support Files/Pods-xtsplit/Pods-xtsplit-resources.sh\"\n";
			showEnvVarsInLog = 0;
		};
		72C682FF8B5F2E49E9B9981A /* [CP] Copy Pods Resources */ = {
			isa = PBXShellScriptBuildPhase;
			buildActionMask = 2147483647;
			files = (
			);
			inputPaths = (
			);
			name = "[CP] Copy Pods Resources";
			outputPaths = (
			);
			runOnlyForDeploymentPostprocessing = 0;
			shellPath = /bin/sh;
			shellScript = "\"${SRCROOT}/Pods/Target Support Files/Pods-xtsplitTests/Pods-xtsplitTests-resources.sh\"\n";
			showEnvVarsInLog = 0;
		};
		B377869D7B9157CC3806708C /* [CP] Embed Pods Frameworks */ = {
			isa = PBXShellScriptBuildPhase;
			buildActionMask = 2147483647;
			files = (
			);
			inputPaths = (
			);
			name = "[CP] Embed Pods Frameworks";
			outputPaths = (
			);
			runOnlyForDeploymentPostprocessing = 0;
			shellPath = /bin/sh;
			shellScript = "\"${SRCROOT}/Pods/Target Support Files/Pods-xtsplitUITests/Pods-xtsplitUITests-frameworks.sh\"\n";
			showEnvVarsInLog = 0;
		};
		B831A1C9D02FF96FE5565BD1 /* [CP] Check Pods Manifest.lock */ = {
			isa = PBXShellScriptBuildPhase;
			buildActionMask = 2147483647;
			files = (
			);
			inputPaths = (
			);
			name = "[CP] Check Pods Manifest.lock";
			outputPaths = (
			);
			runOnlyForDeploymentPostprocessing = 0;
			shellPath = /bin/sh;
			shellScript = "diff \"${PODS_PODFILE_DIR_PATH}/Podfile.lock\" \"${PODS_ROOT}/Manifest.lock\" > /dev/null\nif [ $? != 0 ] ; then\n    # print error to STDERR\n    echo \"error: The sandbox is not in sync with the Podfile.lock. Run 'pod install' or update your CocoaPods installation.\" >&2\n    exit 1\nfi\n";
			showEnvVarsInLog = 0;
		};
		E8B8D6760466FBCB0245AE20 /* [CP] Copy Pods Resources */ = {
			isa = PBXShellScriptBuildPhase;
			buildActionMask = 2147483647;
			files = (
			);
			inputPaths = (
			);
			name = "[CP] Copy Pods Resources";
			outputPaths = (
			);
			runOnlyForDeploymentPostprocessing = 0;
			shellPath = /bin/sh;
			shellScript = "\"${SRCROOT}/Pods/Target Support Files/Pods-xtsplitUITests/Pods-xtsplitUITests-resources.sh\"\n";
			showEnvVarsInLog = 0;
		};
/* End PBXShellScriptBuildPhase section */

/* Begin PBXSourcesBuildPhase section */
		0A983C661E5DEE7A00BDD6B6 /* Sources */ = {
			isa = PBXSourcesBuildPhase;
			buildActionMask = 2147483647;
			files = (
				0AD394DC1E994C2F0016ED61 /* Constants.swift in Sources */,
				0A983C701E5DEE7A00BDD6B6 /* ViewController.swift in Sources */,
				0AE3EF031E9963E9003C7B89 /* UIViewControllerExtension.swift in Sources */,
				0A008D041E9813DE00C3D644 /* PaddingTextField.swift in Sources */,
				0A983C6E1E5DEE7A00BDD6B6 /* AppDelegate.swift in Sources */,
				0A3B6B551E96C9910099DC6F /* LeftAlignedIconButton.swift in Sources */,
			);
			runOnlyForDeploymentPostprocessing = 0;
		};
		0A983C7A1E5DEE7A00BDD6B6 /* Sources */ = {
			isa = PBXSourcesBuildPhase;
			buildActionMask = 2147483647;
			files = (
				0A983C831E5DEE7B00BDD6B6 /* xtsplitTests.swift in Sources */,
			);
			runOnlyForDeploymentPostprocessing = 0;
		};
		0A983C851E5DEE7B00BDD6B6 /* Sources */ = {
			isa = PBXSourcesBuildPhase;
			buildActionMask = 2147483647;
			files = (
				0A983C8E1E5DEE7B00BDD6B6 /* xtsplitUITests.swift in Sources */,
			);
			runOnlyForDeploymentPostprocessing = 0;
		};
/* End PBXSourcesBuildPhase section */

/* Begin PBXTargetDependency section */
		0A983C801E5DEE7A00BDD6B6 /* PBXTargetDependency */ = {
			isa = PBXTargetDependency;
			target = 0A983C691E5DEE7A00BDD6B6 /* xtsplit */;
			targetProxy = 0A983C7F1E5DEE7A00BDD6B6 /* PBXContainerItemProxy */;
		};
		0A983C8B1E5DEE7B00BDD6B6 /* PBXTargetDependency */ = {
			isa = PBXTargetDependency;
			target = 0A983C691E5DEE7A00BDD6B6 /* xtsplit */;
			targetProxy = 0A983C8A1E5DEE7B00BDD6B6 /* PBXContainerItemProxy */;
		};
/* End PBXTargetDependency section */

/* Begin PBXVariantGroup section */
		0A983C711E5DEE7A00BDD6B6 /* Main.storyboard */ = {
			isa = PBXVariantGroup;
			children = (
				0A983C721E5DEE7A00BDD6B6 /* Base */,
			);
			name = Main.storyboard;
			sourceTree = "<group>";
		};
		0A983C761E5DEE7A00BDD6B6 /* LaunchScreen.storyboard */ = {
			isa = PBXVariantGroup;
			children = (
				0A983C771E5DEE7A00BDD6B6 /* Base */,
			);
			name = LaunchScreen.storyboard;
			sourceTree = "<group>";
		};
/* End PBXVariantGroup section */

/* Begin XCBuildConfiguration section */
		0A983C901E5DEE7B00BDD6B6 /* Debug */ = {
			isa = XCBuildConfiguration;
			buildSettings = {
				ALWAYS_SEARCH_USER_PATHS = NO;
				CLANG_ANALYZER_NONNULL = YES;
				CLANG_CXX_LANGUAGE_STANDARD = "gnu++0x";
				CLANG_CXX_LIBRARY = "libc++";
				CLANG_ENABLE_MODULES = YES;
				CLANG_ENABLE_OBJC_ARC = YES;
				CLANG_WARN_BOOL_CONVERSION = YES;
				CLANG_WARN_CONSTANT_CONVERSION = YES;
				CLANG_WARN_DIRECT_OBJC_ISA_USAGE = YES_ERROR;
				CLANG_WARN_DOCUMENTATION_COMMENTS = YES;
				CLANG_WARN_EMPTY_BODY = YES;
				CLANG_WARN_ENUM_CONVERSION = YES;
				CLANG_WARN_INFINITE_RECURSION = YES;
				CLANG_WARN_INT_CONVERSION = YES;
				CLANG_WARN_OBJC_ROOT_CLASS = YES_ERROR;
				CLANG_WARN_SUSPICIOUS_MOVE = YES;
				CLANG_WARN_UNREACHABLE_CODE = YES;
				CLANG_WARN__DUPLICATE_METHOD_MATCH = YES;
				"CODE_SIGN_IDENTITY[sdk=iphoneos*]" = "iPhone Developer";
				COPY_PHASE_STRIP = NO;
				DEBUG_INFORMATION_FORMAT = dwarf;
				ENABLE_STRICT_OBJC_MSGSEND = YES;
				ENABLE_TESTABILITY = YES;
				GCC_C_LANGUAGE_STANDARD = gnu99;
				GCC_DYNAMIC_NO_PIC = NO;
				GCC_NO_COMMON_BLOCKS = YES;
				GCC_OPTIMIZATION_LEVEL = 0;
				GCC_PREPROCESSOR_DEFINITIONS = (
					"DEBUG=1",
					"$(inherited)",
				);
				GCC_WARN_64_TO_32_BIT_CONVERSION = YES;
				GCC_WARN_ABOUT_RETURN_TYPE = YES_ERROR;
				GCC_WARN_UNDECLARED_SELECTOR = YES;
				GCC_WARN_UNINITIALIZED_AUTOS = YES_AGGRESSIVE;
				GCC_WARN_UNUSED_FUNCTION = YES;
				GCC_WARN_UNUSED_VARIABLE = YES;
				IPHONEOS_DEPLOYMENT_TARGET = 10.2;
				MTL_ENABLE_DEBUG_INFO = YES;
				ONLY_ACTIVE_ARCH = YES;
				SDKROOT = iphoneos;
				SWIFT_ACTIVE_COMPILATION_CONDITIONS = DEBUG;
				SWIFT_OPTIMIZATION_LEVEL = "-Onone";
				TARGETED_DEVICE_FAMILY = "1,2";
			};
			name = Debug;
		};
		0A983C911E5DEE7B00BDD6B6 /* Release */ = {
			isa = XCBuildConfiguration;
			buildSettings = {
				ALWAYS_SEARCH_USER_PATHS = NO;
				CLANG_ANALYZER_NONNULL = YES;
				CLANG_CXX_LANGUAGE_STANDARD = "gnu++0x";
				CLANG_CXX_LIBRARY = "libc++";
				CLANG_ENABLE_MODULES = YES;
				CLANG_ENABLE_OBJC_ARC = YES;
				CLANG_WARN_BOOL_CONVERSION = YES;
				CLANG_WARN_CONSTANT_CONVERSION = YES;
				CLANG_WARN_DIRECT_OBJC_ISA_USAGE = YES_ERROR;
				CLANG_WARN_DOCUMENTATION_COMMENTS = YES;
				CLANG_WARN_EMPTY_BODY = YES;
				CLANG_WARN_ENUM_CONVERSION = YES;
				CLANG_WARN_INFINITE_RECURSION = YES;
				CLANG_WARN_INT_CONVERSION = YES;
				CLANG_WARN_OBJC_ROOT_CLASS = YES_ERROR;
				CLANG_WARN_SUSPICIOUS_MOVE = YES;
				CLANG_WARN_UNREACHABLE_CODE = YES;
				CLANG_WARN__DUPLICATE_METHOD_MATCH = YES;
				"CODE_SIGN_IDENTITY[sdk=iphoneos*]" = "iPhone Developer";
				COPY_PHASE_STRIP = NO;
				DEBUG_INFORMATION_FORMAT = "dwarf-with-dsym";
				ENABLE_NS_ASSERTIONS = NO;
				ENABLE_STRICT_OBJC_MSGSEND = YES;
				GCC_C_LANGUAGE_STANDARD = gnu99;
				GCC_NO_COMMON_BLOCKS = YES;
				GCC_WARN_64_TO_32_BIT_CONVERSION = YES;
				GCC_WARN_ABOUT_RETURN_TYPE = YES_ERROR;
				GCC_WARN_UNDECLARED_SELECTOR = YES;
				GCC_WARN_UNINITIALIZED_AUTOS = YES_AGGRESSIVE;
				GCC_WARN_UNUSED_FUNCTION = YES;
				GCC_WARN_UNUSED_VARIABLE = YES;
				IPHONEOS_DEPLOYMENT_TARGET = 10.2;
				MTL_ENABLE_DEBUG_INFO = NO;
				SDKROOT = iphoneos;
				SWIFT_OPTIMIZATION_LEVEL = "-Owholemodule";
				TARGETED_DEVICE_FAMILY = "1,2";
				VALIDATE_PRODUCT = YES;
			};
			name = Release;
		};
		0A983C931E5DEE7B00BDD6B6 /* Debug */ = {
			isa = XCBuildConfiguration;
			baseConfigurationReference = EFD80B589F97048AE9A55821 /* Pods-xtsplit.debug.xcconfig */;
			buildSettings = {
				ASSETCATALOG_COMPILER_APPICON_NAME = AppIcon;
				DEVELOPMENT_TEAM = 84FM8PFET7;
				FRAMEWORK_SEARCH_PATHS = (
					"$(inherited)",
					"$(PROJECT_DIR)",
					/Users/kevin/Documents/FacebookSDK,
				);
				INFOPLIST_FILE = xtsplit/Info.plist;
				LD_RUNPATH_SEARCH_PATHS = "$(inherited) @executable_path/Frameworks";
				PRODUCT_BUNDLE_IDENTIFIER = "de.kevin-linne.xtsplit";
				PRODUCT_NAME = "$(TARGET_NAME)";
				SWIFT_VERSION = 3.0;
			};
			name = Debug;
		};
		0A983C941E5DEE7B00BDD6B6 /* Release */ = {
			isa = XCBuildConfiguration;
			baseConfigurationReference = 8B20592A79AC593DEBED12E8 /* Pods-xtsplit.release.xcconfig */;
			buildSettings = {
				ASSETCATALOG_COMPILER_APPICON_NAME = AppIcon;
				DEVELOPMENT_TEAM = 84FM8PFET7;
				FRAMEWORK_SEARCH_PATHS = (
					"$(inherited)",
					"$(PROJECT_DIR)",
					/Users/kevin/Documents/FacebookSDK,
				);
				INFOPLIST_FILE = xtsplit/Info.plist;
				LD_RUNPATH_SEARCH_PATHS = "$(inherited) @executable_path/Frameworks";
				PRODUCT_BUNDLE_IDENTIFIER = "de.kevin-linne.xtsplit";
				PRODUCT_NAME = "$(TARGET_NAME)";
				SWIFT_VERSION = 3.0;
			};
			name = Release;
		};
		0A983C961E5DEE7B00BDD6B6 /* Debug */ = {
			isa = XCBuildConfiguration;
			baseConfigurationReference = A7CE74B35E033F7A848EB473 /* Pods-xtsplitTests.debug.xcconfig */;
			buildSettings = {
				ALWAYS_EMBED_SWIFT_STANDARD_LIBRARIES = YES;
				BUNDLE_LOADER = "$(TEST_HOST)";
				DEVELOPMENT_TEAM = YW9YW2DQE9;
				INFOPLIST_FILE = xtsplitTests/Info.plist;
				LD_RUNPATH_SEARCH_PATHS = "$(inherited) @executable_path/Frameworks @loader_path/Frameworks";
				PRODUCT_BUNDLE_IDENTIFIER = "de.kevin-linne.xtsplitTests";
				PRODUCT_NAME = "$(TARGET_NAME)";
				SWIFT_VERSION = 3.0;
				TEST_HOST = "$(BUILT_PRODUCTS_DIR)/xtsplit.app/xtsplit";
			};
			name = Debug;
		};
		0A983C971E5DEE7B00BDD6B6 /* Release */ = {
			isa = XCBuildConfiguration;
			baseConfigurationReference = 458B8512EBCC47C8CE585105 /* Pods-xtsplitTests.release.xcconfig */;
			buildSettings = {
				ALWAYS_EMBED_SWIFT_STANDARD_LIBRARIES = YES;
				BUNDLE_LOADER = "$(TEST_HOST)";
				DEVELOPMENT_TEAM = YW9YW2DQE9;
				INFOPLIST_FILE = xtsplitTests/Info.plist;
				LD_RUNPATH_SEARCH_PATHS = "$(inherited) @executable_path/Frameworks @loader_path/Frameworks";
				PRODUCT_BUNDLE_IDENTIFIER = "de.kevin-linne.xtsplitTests";
				PRODUCT_NAME = "$(TARGET_NAME)";
				SWIFT_VERSION = 3.0;
				TEST_HOST = "$(BUILT_PRODUCTS_DIR)/xtsplit.app/xtsplit";
			};
			name = Release;
		};
		0A983C991E5DEE7B00BDD6B6 /* Debug */ = {
			isa = XCBuildConfiguration;
			baseConfigurationReference = A000BBAA7A160DED1AEBA631 /* Pods-xtsplitUITests.debug.xcconfig */;
			buildSettings = {
				ALWAYS_EMBED_SWIFT_STANDARD_LIBRARIES = YES;
				DEVELOPMENT_TEAM = YW9YW2DQE9;
				INFOPLIST_FILE = xtsplitUITests/Info.plist;
				LD_RUNPATH_SEARCH_PATHS = "$(inherited) @executable_path/Frameworks @loader_path/Frameworks";
				PRODUCT_BUNDLE_IDENTIFIER = "de.kevin-linne.xtsplitUITests";
				PRODUCT_NAME = "$(TARGET_NAME)";
				SWIFT_VERSION = 3.0;
				TEST_TARGET_NAME = xtsplit;
			};
			name = Debug;
		};
		0A983C9A1E5DEE7B00BDD6B6 /* Release */ = {
			isa = XCBuildConfiguration;
			baseConfigurationReference = 9FB6C7E2F0866CA8BCE70791 /* Pods-xtsplitUITests.release.xcconfig */;
			buildSettings = {
				ALWAYS_EMBED_SWIFT_STANDARD_LIBRARIES = YES;
				DEVELOPMENT_TEAM = YW9YW2DQE9;
				INFOPLIST_FILE = xtsplitUITests/Info.plist;
				LD_RUNPATH_SEARCH_PATHS = "$(inherited) @executable_path/Frameworks @loader_path/Frameworks";
				PRODUCT_BUNDLE_IDENTIFIER = "de.kevin-linne.xtsplitUITests";
				PRODUCT_NAME = "$(TARGET_NAME)";
				SWIFT_VERSION = 3.0;
				TEST_TARGET_NAME = xtsplit;
			};
			name = Release;
		};
/* End XCBuildConfiguration section */

/* Begin XCConfigurationList section */
		0A983C651E5DEE7A00BDD6B6 /* Build configuration list for PBXProject "xtsplit" */ = {
			isa = XCConfigurationList;
			buildConfigurations = (
				0A983C901E5DEE7B00BDD6B6 /* Debug */,
				0A983C911E5DEE7B00BDD6B6 /* Release */,
			);
			defaultConfigurationIsVisible = 0;
			defaultConfigurationName = Release;
		};
		0A983C921E5DEE7B00BDD6B6 /* Build configuration list for PBXNativeTarget "xtsplit" */ = {
			isa = XCConfigurationList;
			buildConfigurations = (
				0A983C931E5DEE7B00BDD6B6 /* Debug */,
				0A983C941E5DEE7B00BDD6B6 /* Release */,
			);
			defaultConfigurationIsVisible = 0;
			defaultConfigurationName = Release;
		};
		0A983C951E5DEE7B00BDD6B6 /* Build configuration list for PBXNativeTarget "xtsplitTests" */ = {
			isa = XCConfigurationList;
			buildConfigurations = (
				0A983C961E5DEE7B00BDD6B6 /* Debug */,
				0A983C971E5DEE7B00BDD6B6 /* Release */,
			);
			defaultConfigurationIsVisible = 0;
			defaultConfigurationName = Release;
		};
		0A983C981E5DEE7B00BDD6B6 /* Build configuration list for PBXNativeTarget "xtsplitUITests" */ = {
			isa = XCConfigurationList;
			buildConfigurations = (
				0A983C991E5DEE7B00BDD6B6 /* Debug */,
				0A983C9A1E5DEE7B00BDD6B6 /* Release */,
			);
			defaultConfigurationIsVisible = 0;
			defaultConfigurationName = Release;
		};
/* End XCConfigurationList section */
	};
	rootObject = 0A983C621E5DEE7A00BDD6B6 /* Project object */;
}
